PODS:
  - Alamofire (5.4.3)
  - AlamofireURLCache5 (0.5.0):
    - Alamofire (~> 5.2)
  - CarbonKit (2.3.1)
  - FBSDKCoreKit (9.3.0):
    - FBSDKCoreKit/Basics (= 9.3.0)
    - FBSDKCoreKit/Core (= 9.3.0)
  - FBSDKCoreKit/Basics (9.3.0)
  - FBSDKCoreKit/Core (9.3.0):
    - FBSDKCoreKit/Basics
  - FBSDKLoginKit (9.3.0):
    - FBSDKLoginKit/Login (= 9.3.0)
  - FBSDKLoginKit/Login (9.3.0):
    - FBSDKCoreKit (~> 9.3.0)
  - Networking (5.1.0)
  - SwiftyJSON (5.0.1)

DEPENDENCIES:
  - Alamofire
  - AlamofireURLCache5
  - CarbonKit
  - FBSDKLoginKit
  - Networking
  - SwiftyJSON

SPEC REPOS:
  trunk:
    - Alamofire
    - AlamofireURLCache5
    - CarbonKit
    - FBSDKCoreKit
    - FBSDKLoginKit
    - Networking
    - SwiftyJSON

SPEC CHECKSUMS:
  Alamofire: e447a2774a40c996748296fa2c55112fdbbc42f9
  AlamofireURLCache5: b839c7db7c61bf40bdf467896eb587baecafb2c0
  CarbonKit: b60e24dbdb47179990d5e074efa87ab819c8de98
  FBSDKCoreKit: 0d1ae58388a458b8222f72025804cdc84eb5d0c3
  FBSDKLoginKit: aea68df6121c5e165ccae2fabfdc83c4644ee40f
  Networking: 85b2a0c2d3b6eb548f4eec9880f5f3c49e6b0959
  SwiftyJSON: 2f33a42c6fbc52764d96f13368585094bfd8aa5e

PODFILE CHECKSUM: ec52aacb71509b3af2ccc8f5b64b8077fac6c51b

COCOAPODS: 1.10.1
