// !$*UTF8*$!
{
	archiveVersion = 1;
	classes = {
	};
	objectVersion = 51;
	objects = {

/* Begin PBXBuildFile section */
		1D1B99D962164E1FF9A0C789 /* Pods_Jumbosouq.framework in Frameworks */ = {isa = PBXBuildFile; fileRef = 3C15B68E92518A3D861AF7EF /* Pods_Jumbosouq.framework */; };
		3534DFC4261CAC7200A5A9CC /* HomeViewController.swift in Sources */ = {isa = PBXBuildFile; fileRef = 3534DFC3261CAC7200A5A9CC /* HomeViewController.swift */; };
		355B2A7D26209CA60032567B /* SideMenuViewController.swift in Sources */ = {isa = PBXBuildFile; fileRef = 355B2A7826209CA60032567B /* SideMenuViewController.swift */; };
		355B2A7E26209CA60032567B /* SideMenuModel.swift in Sources */ = {isa = PBXBuildFile; fileRef = 355B2A7926209CA60032567B /* SideMenuModel.swift */; };
		355B2A7F26209CA60032567B /* SideMenuCell.xib in Resources */ = {isa = PBXBuildFile; fileRef = 355B2A7B26209CA60032567B /* SideMenuCell.xib */; };
		355B2A8026209CA60032567B /* SideMenuCell.swift in Sources */ = {isa = PBXBuildFile; fileRef = 355B2A7C26209CA60032567B /* SideMenuCell.swift */; };
		355B2A852620A39F0032567B /* MainViewController.swift in Sources */ = {isa = PBXBuildFile; fileRef = 355B2A842620A39F0032567B /* MainViewController.swift */; };
		35674DBD2631C84D004D648B /* User.swift in Sources */ = {isa = PBXBuildFile; fileRef = 35674DBC2631C84D004D648B /* User.swift */; };
		35735A6A262DBC14001C2971 /* NewArrivalTableViewCell.swift in Sources */ = {isa = PBXBuildFile; fileRef = 35735A68262DBC14001C2971 /* NewArrivalTableViewCell.swift */; };
		35735A6B262DBC14001C2971 /* NewArrivalTableViewCell.xib in Resources */ = {isa = PBXBuildFile; fileRef = 35735A69262DBC14001C2971 /* NewArrivalTableViewCell.xib */; };
		35735A76262DBC5A001C2971 /* NewArrivalCollectionViewCell.swift in Sources */ = {isa = PBXBuildFile; fileRef = 35735A74262DBC5A001C2971 /* NewArrivalCollectionViewCell.swift */; };
		35735A77262DBC5A001C2971 /* NewArrivalCollectionViewCell.xib in Resources */ = {isa = PBXBuildFile; fileRef = 35735A75262DBC5A001C2971 /* NewArrivalCollectionViewCell.xib */; };
		35735A7C262DCFB4001C2971 /* CustomActivityIndicator.swift in Sources */ = {isa = PBXBuildFile; fileRef = 35735A7B262DCFB4001C2971 /* CustomActivityIndicator.swift */; };
		358DFDC52611DD3B0037221F /* AppDelegate.swift in Sources */ = {isa = PBXBuildFile; fileRef = 358DFDC42611DD3B0037221F /* AppDelegate.swift */; };
		358DFDC72611DD3B0037221F /* SceneDelegate.swift in Sources */ = {isa = PBXBuildFile; fileRef = 358DFDC62611DD3B0037221F /* SceneDelegate.swift */; };
		358DFDC92611DD3B0037221F /* ViewController.swift in Sources */ = {isa = PBXBuildFile; fileRef = 358DFDC82611DD3B0037221F /* ViewController.swift */; };
		358DFDCC2611DD3B0037221F /* Main.storyboard in Resources */ = {isa = PBXBuildFile; fileRef = 358DFDCA2611DD3B0037221F /* Main.storyboard */; };
		358DFDCE2611DD3C0037221F /* Assets.xcassets in Resources */ = {isa = PBXBuildFile; fileRef = 358DFDCD2611DD3C0037221F /* Assets.xcassets */; };
		358DFDD12611DD3C0037221F /* LaunchScreen.storyboard in Resources */ = {isa = PBXBuildFile; fileRef = 358DFDCF2611DD3C0037221F /* LaunchScreen.storyboard */; };
		358DFDDC2611DD3C0037221F /* JumbosouqTests.swift in Sources */ = {isa = PBXBuildFile; fileRef = 358DFDDB2611DD3C0037221F /* JumbosouqTests.swift */; };
		358DFDE72611DD3C0037221F /* JumbosouqUITests.swift in Sources */ = {isa = PBXBuildFile; fileRef = 358DFDE62611DD3C0037221F /* JumbosouqUITests.swift */; };
		358DFDF82611E21A0037221F /* LoginViewController.swift in Sources */ = {isa = PBXBuildFile; fileRef = 358DFDF72611E21A0037221F /* LoginViewController.swift */; };
		358DFDFD2611E2490037221F /* SignupViewController.swift in Sources */ = {isa = PBXBuildFile; fileRef = 358DFDFC2611E2490037221F /* SignupViewController.swift */; };
		358DFE022611E2810037221F /* ForgotPasswordVC.swift in Sources */ = {isa = PBXBuildFile; fileRef = 358DFE012611E2810037221F /* ForgotPasswordVC.swift */; };
		358DFE0B2611E9B40037221F /* ViewExtension.swift in Sources */ = {isa = PBXBuildFile; fileRef = 358DFE0A2611E9B40037221F /* ViewExtension.swift */; };
		358DFE142611ED0F0037221F /* Geomanist-ExtraLight.otf in Resources */ = {isa = PBXBuildFile; fileRef = 358DFE102611ED0F0037221F /* Geomanist-ExtraLight.otf */; };
		358DFE152611ED0F0037221F /* Geomanist-Medium.otf in Resources */ = {isa = PBXBuildFile; fileRef = 358DFE112611ED0F0037221F /* Geomanist-Medium.otf */; };
		358DFE162611ED0F0037221F /* Geomanist-Bold.otf in Resources */ = {isa = PBXBuildFile; fileRef = 358DFE122611ED0F0037221F /* Geomanist-Bold.otf */; };
		358DFE172611ED0F0037221F /* Geomanist-Regular.otf in Resources */ = {isa = PBXBuildFile; fileRef = 358DFE132611ED0F0037221F /* Geomanist-Regular.otf */; };
		35D6089F2628853700E8A066 /* FirstTableViewCell.swift in Sources */ = {isa = PBXBuildFile; fileRef = 35D6089D2628853700E8A066 /* FirstTableViewCell.swift */; };
		35D608A02628853700E8A066 /* FirstTableViewCell.xib in Resources */ = {isa = PBXBuildFile; fileRef = 35D6089E2628853700E8A066 /* FirstTableViewCell.xib */; };
		35D608A7262891EA00E8A066 /* WeekDealTableViewCell.swift in Sources */ = {isa = PBXBuildFile; fileRef = 35D608A5262891EA00E8A066 /* WeekDealTableViewCell.swift */; };
		35D608A8262891EA00E8A066 /* WeekDealTableViewCell.xib in Resources */ = {isa = PBXBuildFile; fileRef = 35D608A6262891EA00E8A066 /* WeekDealTableViewCell.xib */; };
		35D608AE2628924E00E8A066 /* WeekDealCollectionViewCell.swift in Sources */ = {isa = PBXBuildFile; fileRef = 35D608AC2628924E00E8A066 /* WeekDealCollectionViewCell.swift */; };
		35D608AF2628924E00E8A066 /* WeekDealCollectionViewCell.xib in Resources */ = {isa = PBXBuildFile; fileRef = 35D608AD2628924E00E8A066 /* WeekDealCollectionViewCell.xib */; };
		6C9F4EBB1D386920A2EA551E /* Pods_Jumbosouq_JumbosouqUITests.framework in Frameworks */ = {isa = PBXBuildFile; fileRef = 3DB8FF221D26357C0A52EEE3 /* Pods_Jumbosouq_JumbosouqUITests.framework */; };
		AF8D3046178C619F464E20C7 /* Pods_JumbosouqTests.framework in Frameworks */ = {isa = PBXBuildFile; fileRef = 23DD20956508BA9D6FE93256 /* Pods_JumbosouqTests.framework */; };
/* End PBXBuildFile section */

/* Begin PBXContainerItemProxy section */
		358DFDD82611DD3C0037221F /* PBXContainerItemProxy */ = {
			isa = PBXContainerItemProxy;
			containerPortal = 358DFDB92611DD3B0037221F /* Project object */;
			proxyType = 1;
			remoteGlobalIDString = 358DFDC02611DD3B0037221F;
			remoteInfo = Jumbosouq;
		};
		358DFDE32611DD3C0037221F /* PBXContainerItemProxy */ = {
			isa = PBXContainerItemProxy;
			containerPortal = 358DFDB92611DD3B0037221F /* Project object */;
			proxyType = 1;
			remoteGlobalIDString = 358DFDC02611DD3B0037221F;
			remoteInfo = Jumbosouq;
		};
/* End PBXContainerItemProxy section */

/* Begin PBXFileReference section */
		23DD20956508BA9D6FE93256 /* Pods_JumbosouqTests.framework */ = {isa = PBXFileReference; explicitFileType = wrapper.framework; includeInIndex = 0; path = Pods_JumbosouqTests.framework; sourceTree = BUILT_PRODUCTS_DIR; };
		3534DFC3261CAC7200A5A9CC /* HomeViewController.swift */ = {isa = PBXFileReference; lastKnownFileType = sourcecode.swift; path = HomeViewController.swift; sourceTree = "<group>"; };
		355B2A7826209CA60032567B /* SideMenuViewController.swift */ = {isa = PBXFileReference; fileEncoding = 4; lastKnownFileType = sourcecode.swift; path = SideMenuViewController.swift; sourceTree = "<group>"; };
		355B2A7926209CA60032567B /* SideMenuModel.swift */ = {isa = PBXFileReference; fileEncoding = 4; lastKnownFileType = sourcecode.swift; path = SideMenuModel.swift; sourceTree = "<group>"; };
		355B2A7B26209CA60032567B /* SideMenuCell.xib */ = {isa = PBXFileReference; fileEncoding = 4; lastKnownFileType = file.xib; path = SideMenuCell.xib; sourceTree = "<group>"; };
		355B2A7C26209CA60032567B /* SideMenuCell.swift */ = {isa = PBXFileReference; fileEncoding = 4; lastKnownFileType = sourcecode.swift; path = SideMenuCell.swift; sourceTree = "<group>"; };
		355B2A842620A39F0032567B /* MainViewController.swift */ = {isa = PBXFileReference; fileEncoding = 4; lastKnownFileType = sourcecode.swift; path = MainViewController.swift; sourceTree = "<group>"; };
		35674DBC2631C84D004D648B /* User.swift */ = {isa = PBXFileReference; lastKnownFileType = sourcecode.swift; path = User.swift; sourceTree = "<group>"; };
		35735A68262DBC14001C2971 /* NewArrivalTableViewCell.swift */ = {isa = PBXFileReference; lastKnownFileType = sourcecode.swift; path = NewArrivalTableViewCell.swift; sourceTree = "<group>"; };
		35735A69262DBC14001C2971 /* NewArrivalTableViewCell.xib */ = {isa = PBXFileReference; lastKnownFileType = file.xib; path = NewArrivalTableViewCell.xib; sourceTree = "<group>"; };
		35735A74262DBC5A001C2971 /* NewArrivalCollectionViewCell.swift */ = {isa = PBXFileReference; lastKnownFileType = sourcecode.swift; path = NewArrivalCollectionViewCell.swift; sourceTree = "<group>"; };
		35735A75262DBC5A001C2971 /* NewArrivalCollectionViewCell.xib */ = {isa = PBXFileReference; lastKnownFileType = file.xib; path = NewArrivalCollectionViewCell.xib; sourceTree = "<group>"; };
		35735A7B262DCFB4001C2971 /* CustomActivityIndicator.swift */ = {isa = PBXFileReference; fileEncoding = 4; lastKnownFileType = sourcecode.swift; path = CustomActivityIndicator.swift; sourceTree = "<group>"; };
		358DFDC12611DD3B0037221F /* Jumbosouq.app */ = {isa = PBXFileReference; explicitFileType = wrapper.application; includeInIndex = 0; path = Jumbosouq.app; sourceTree = BUILT_PRODUCTS_DIR; };
		358DFDC42611DD3B0037221F /* AppDelegate.swift */ = {isa = PBXFileReference; lastKnownFileType = sourcecode.swift; path = AppDelegate.swift; sourceTree = "<group>"; };
		358DFDC62611DD3B0037221F /* SceneDelegate.swift */ = {isa = PBXFileReference; lastKnownFileType = sourcecode.swift; path = SceneDelegate.swift; sourceTree = "<group>"; };
		358DFDC82611DD3B0037221F /* ViewController.swift */ = {isa = PBXFileReference; lastKnownFileType = sourcecode.swift; path = ViewController.swift; sourceTree = "<group>"; };
		358DFDCB2611DD3B0037221F /* Base */ = {isa = PBXFileReference; lastKnownFileType = file.storyboard; name = Base; path = Base.lproj/Main.storyboard; sourceTree = "<group>"; };
		358DFDCD2611DD3C0037221F /* Assets.xcassets */ = {isa = PBXFileReference; lastKnownFileType = folder.assetcatalog; path = Assets.xcassets; sourceTree = "<group>"; };
		358DFDD02611DD3C0037221F /* Base */ = {isa = PBXFileReference; lastKnownFileType = file.storyboard; name = Base; path = Base.lproj/LaunchScreen.storyboard; sourceTree = "<group>"; };
		358DFDD22611DD3C0037221F /* Info.plist */ = {isa = PBXFileReference; lastKnownFileType = text.plist.xml; path = Info.plist; sourceTree = "<group>"; };
		358DFDD72611DD3C0037221F /* JumbosouqTests.xctest */ = {isa = PBXFileReference; explicitFileType = wrapper.cfbundle; includeInIndex = 0; path = JumbosouqTests.xctest; sourceTree = BUILT_PRODUCTS_DIR; };
		358DFDDB2611DD3C0037221F /* JumbosouqTests.swift */ = {isa = PBXFileReference; lastKnownFileType = sourcecode.swift; path = JumbosouqTests.swift; sourceTree = "<group>"; };
		358DFDDD2611DD3C0037221F /* Info.plist */ = {isa = PBXFileReference; lastKnownFileType = text.plist.xml; path = Info.plist; sourceTree = "<group>"; };
		358DFDE22611DD3C0037221F /* JumbosouqUITests.xctest */ = {isa = PBXFileReference; explicitFileType = wrapper.cfbundle; includeInIndex = 0; path = JumbosouqUITests.xctest; sourceTree = BUILT_PRODUCTS_DIR; };
		358DFDE62611DD3C0037221F /* JumbosouqUITests.swift */ = {isa = PBXFileReference; lastKnownFileType = sourcecode.swift; path = JumbosouqUITests.swift; sourceTree = "<group>"; };
		358DFDE82611DD3C0037221F /* Info.plist */ = {isa = PBXFileReference; lastKnownFileType = text.plist.xml; path = Info.plist; sourceTree = "<group>"; };
		358DFDF72611E21A0037221F /* LoginViewController.swift */ = {isa = PBXFileReference; lastKnownFileType = sourcecode.swift; path = LoginViewController.swift; sourceTree = "<group>"; };
		358DFDFC2611E2490037221F /* SignupViewController.swift */ = {isa = PBXFileReference; lastKnownFileType = sourcecode.swift; path = SignupViewController.swift; sourceTree = "<group>"; };
		358DFE012611E2810037221F /* ForgotPasswordVC.swift */ = {isa = PBXFileReference; lastKnownFileType = sourcecode.swift; path = ForgotPasswordVC.swift; sourceTree = "<group>"; };
		358DFE0A2611E9B40037221F /* ViewExtension.swift */ = {isa = PBXFileReference; lastKnownFileType = sourcecode.swift; path = ViewExtension.swift; sourceTree = "<group>"; };
		358DFE102611ED0F0037221F /* Geomanist-ExtraLight.otf */ = {isa = PBXFileReference; lastKnownFileType = file; path = "Geomanist-ExtraLight.otf"; sourceTree = "<group>"; };
		358DFE112611ED0F0037221F /* Geomanist-Medium.otf */ = {isa = PBXFileReference; lastKnownFileType = file; path = "Geomanist-Medium.otf"; sourceTree = "<group>"; };
		358DFE122611ED0F0037221F /* Geomanist-Bold.otf */ = {isa = PBXFileReference; lastKnownFileType = file; path = "Geomanist-Bold.otf"; sourceTree = "<group>"; };
		358DFE132611ED0F0037221F /* Geomanist-Regular.otf */ = {isa = PBXFileReference; lastKnownFileType = file; path = "Geomanist-Regular.otf"; sourceTree = "<group>"; };
		35D6089D2628853700E8A066 /* FirstTableViewCell.swift */ = {isa = PBXFileReference; lastKnownFileType = sourcecode.swift; path = FirstTableViewCell.swift; sourceTree = "<group>"; };
		35D6089E2628853700E8A066 /* FirstTableViewCell.xib */ = {isa = PBXFileReference; lastKnownFileType = file.xib; path = FirstTableViewCell.xib; sourceTree = "<group>"; };
		35D608A5262891EA00E8A066 /* WeekDealTableViewCell.swift */ = {isa = PBXFileReference; lastKnownFileType = sourcecode.swift; path = WeekDealTableViewCell.swift; sourceTree = "<group>"; };
		35D608A6262891EA00E8A066 /* WeekDealTableViewCell.xib */ = {isa = PBXFileReference; lastKnownFileType = file.xib; path = WeekDealTableViewCell.xib; sourceTree = "<group>"; };
		35D608AC2628924E00E8A066 /* WeekDealCollectionViewCell.swift */ = {isa = PBXFileReference; lastKnownFileType = sourcecode.swift; path = WeekDealCollectionViewCell.swift; sourceTree = "<group>"; };
		35D608AD2628924E00E8A066 /* WeekDealCollectionViewCell.xib */ = {isa = PBXFileReference; lastKnownFileType = file.xib; path = WeekDealCollectionViewCell.xib; sourceTree = "<group>"; };
		3C15B68E92518A3D861AF7EF /* Pods_Jumbosouq.framework */ = {isa = PBXFileReference; explicitFileType = wrapper.framework; includeInIndex = 0; path = Pods_Jumbosouq.framework; sourceTree = BUILT_PRODUCTS_DIR; };
		3DB8FF221D26357C0A52EEE3 /* Pods_Jumbosouq_JumbosouqUITests.framework */ = {isa = PBXFileReference; explicitFileType = wrapper.framework; includeInIndex = 0; path = Pods_Jumbosouq_JumbosouqUITests.framework; sourceTree = BUILT_PRODUCTS_DIR; };
		46E8AF089AB6D41822C12538 /* Pods-Jumbosouq-JumbosouqUITests.release.xcconfig */ = {isa = PBXFileReference; includeInIndex = 1; lastKnownFileType = text.xcconfig; name = "Pods-Jumbosouq-JumbosouqUITests.release.xcconfig"; path = "Target Support Files/Pods-Jumbosouq-JumbosouqUITests/Pods-Jumbosouq-JumbosouqUITests.release.xcconfig"; sourceTree = "<group>"; };
		5FEE0AD3E68C262AA31C5D9F /* Pods-Jumbosouq.release.xcconfig */ = {isa = PBXFileReference; includeInIndex = 1; lastKnownFileType = text.xcconfig; name = "Pods-Jumbosouq.release.xcconfig"; path = "Target Support Files/Pods-Jumbosouq/Pods-Jumbosouq.release.xcconfig"; sourceTree = "<group>"; };
		73082ED7DEFF66FB1DB30655 /* Pods-JumbosouqTests.release.xcconfig */ = {isa = PBXFileReference; includeInIndex = 1; lastKnownFileType = text.xcconfig; name = "Pods-JumbosouqTests.release.xcconfig"; path = "Target Support Files/Pods-JumbosouqTests/Pods-JumbosouqTests.release.xcconfig"; sourceTree = "<group>"; };
		82366CB43B78CBF8E241EDD3 /* Pods-Jumbosouq-JumbosouqUITests.debug.xcconfig */ = {isa = PBXFileReference; includeInIndex = 1; lastKnownFileType = text.xcconfig; name = "Pods-Jumbosouq-JumbosouqUITests.debug.xcconfig"; path = "Target Support Files/Pods-Jumbosouq-JumbosouqUITests/Pods-Jumbosouq-JumbosouqUITests.debug.xcconfig"; sourceTree = "<group>"; };
		A57728BD306E368BEFAE2774 /* Pods-Jumbosouq.debug.xcconfig */ = {isa = PBXFileReference; includeInIndex = 1; lastKnownFileType = text.xcconfig; name = "Pods-Jumbosouq.debug.xcconfig"; path = "Target Support Files/Pods-Jumbosouq/Pods-Jumbosouq.debug.xcconfig"; sourceTree = "<group>"; };
		CC7CE8F2F61C46B9D00C5DA6 /* Pods-JumbosouqTests.debug.xcconfig */ = {isa = PBXFileReference; includeInIndex = 1; lastKnownFileType = text.xcconfig; name = "Pods-JumbosouqTests.debug.xcconfig"; path = "Target Support Files/Pods-JumbosouqTests/Pods-JumbosouqTests.debug.xcconfig"; sourceTree = "<group>"; };
/* End PBXFileReference section */

/* Begin PBXFrameworksBuildPhase section */
		358DFDBE2611DD3B0037221F /* Frameworks */ = {
			isa = PBXFrameworksBuildPhase;
			buildActionMask = 2147483647;
			files = (
				1D1B99D962164E1FF9A0C789 /* Pods_Jumbosouq.framework in Frameworks */,
			);
			runOnlyForDeploymentPostprocessing = 0;
		};
		358DFDD42611DD3C0037221F /* Frameworks */ = {
			isa = PBXFrameworksBuildPhase;
			buildActionMask = 2147483647;
			files = (
				AF8D3046178C619F464E20C7 /* Pods_JumbosouqTests.framework in Frameworks */,
			);
			runOnlyForDeploymentPostprocessing = 0;
		};
		358DFDDF2611DD3C0037221F /* Frameworks */ = {
			isa = PBXFrameworksBuildPhase;
			buildActionMask = 2147483647;
			files = (
				6C9F4EBB1D386920A2EA551E /* Pods_Jumbosouq_JumbosouqUITests.framework in Frameworks */,
			);
			runOnlyForDeploymentPostprocessing = 0;
		};
/* End PBXFrameworksBuildPhase section */

/* Begin PBXGroup section */
		2038F07BBB902517DFD78678 /* Pods */ = {
			isa = PBXGroup;
			children = (
				A57728BD306E368BEFAE2774 /* Pods-Jumbosouq.debug.xcconfig */,
				5FEE0AD3E68C262AA31C5D9F /* Pods-Jumbosouq.release.xcconfig */,
				82366CB43B78CBF8E241EDD3 /* Pods-Jumbosouq-JumbosouqUITests.debug.xcconfig */,
				46E8AF089AB6D41822C12538 /* Pods-Jumbosouq-JumbosouqUITests.release.xcconfig */,
				CC7CE8F2F61C46B9D00C5DA6 /* Pods-JumbosouqTests.debug.xcconfig */,
				73082ED7DEFF66FB1DB30655 /* Pods-JumbosouqTests.release.xcconfig */,
			);
			path = Pods;
			sourceTree = "<group>";
		};
		35569D8C2614373200CFCD17 /* HomeVC */ = {
			isa = PBXGroup;
			children = (
				35D6089C262884F800E8A066 /*  HomeCells */,
				355B2A842620A39F0032567B /* MainViewController.swift */,
				3534DFC3261CAC7200A5A9CC /* HomeViewController.swift */,
			);
			path = HomeVC;
			sourceTree = "<group>";
		};
		355B2A7726209CA60032567B /* SideMenu */ = {
			isa = PBXGroup;
			children = (
				355B2A7826209CA60032567B /* SideMenuViewController.swift */,
				355B2A7926209CA60032567B /* SideMenuModel.swift */,
				355B2A7A26209CA60032567B /* Cell */,
			);
			path = SideMenu;
			sourceTree = "<group>";
		};
		355B2A7A26209CA60032567B /* Cell */ = {
			isa = PBXGroup;
			children = (
				355B2A7B26209CA60032567B /* SideMenuCell.xib */,
				355B2A7C26209CA60032567B /* SideMenuCell.swift */,
			);
			path = Cell;
			sourceTree = "<group>";
		};
		35735A70262DBC2D001C2971 /* NewArrivalView */ = {
			isa = PBXGroup;
			children = (
				35735A68262DBC14001C2971 /* NewArrivalTableViewCell.swift */,
				35735A69262DBC14001C2971 /* NewArrivalTableViewCell.xib */,
				35735A74262DBC5A001C2971 /* NewArrivalCollectionViewCell.swift */,
				35735A75262DBC5A001C2971 /* NewArrivalCollectionViewCell.xib */,
			);
			path = NewArrivalView;
			sourceTree = "<group>";
		};
		358DFDB82611DD3B0037221F = {
			isa = PBXGroup;
			children = (
				358DFDC32611DD3B0037221F /* Jumbosouq */,
				358DFDDA2611DD3C0037221F /* JumbosouqTests */,
				358DFDE52611DD3C0037221F /* JumbosouqUITests */,
				358DFDC22611DD3B0037221F /* Products */,
				2038F07BBB902517DFD78678 /* Pods */,
				F561A47D4460D9E0DDC7C33C /* Frameworks */,
			);
			sourceTree = "<group>";
		};
		358DFDC22611DD3B0037221F /* Products */ = {
			isa = PBXGroup;
			children = (
				358DFDC12611DD3B0037221F /* Jumbosouq.app */,
				358DFDD72611DD3C0037221F /* JumbosouqTests.xctest */,
				358DFDE22611DD3C0037221F /* JumbosouqUITests.xctest */,
			);
			name = Products;
			sourceTree = "<group>";
		};
		358DFDC32611DD3B0037221F /* Jumbosouq */ = {
			isa = PBXGroup;
			children = (
				35735A7B262DCFB4001C2971 /* CustomActivityIndicator.swift */,
				358DFE0A2611E9B40037221F /* ViewExtension.swift */,
				355B2A7726209CA60032567B /* SideMenu */,
				35569D8C2614373200CFCD17 /* HomeVC */,
				358DFE0F2611ECFD0037221F /* Fonts */,
				358DFDC42611DD3B0037221F /* AppDelegate.swift */,
				358DFDC62611DD3B0037221F /* SceneDelegate.swift */,
				358DFDC82611DD3B0037221F /* ViewController.swift */,
				358DFDCA2611DD3B0037221F /* Main.storyboard */,
				358DFDCD2611DD3C0037221F /* Assets.xcassets */,
				358DFDCF2611DD3C0037221F /* LaunchScreen.storyboard */,
				358DFDD22611DD3C0037221F /* Info.plist */,
				358DFE062611E2890037221F /* LoginControllers */,
				35674DBC2631C84D004D648B /* User.swift */,
			);
			path = Jumbosouq;
			sourceTree = "<group>";
		};
		358DFDDA2611DD3C0037221F /* JumbosouqTests */ = {
			isa = PBXGroup;
			children = (
				358DFDDB2611DD3C0037221F /* JumbosouqTests.swift */,
				358DFDDD2611DD3C0037221F /* Info.plist */,
			);
			path = JumbosouqTests;
			sourceTree = "<group>";
		};
		358DFDE52611DD3C0037221F /* JumbosouqUITests */ = {
			isa = PBXGroup;
			children = (
				358DFDE62611DD3C0037221F /* JumbosouqUITests.swift */,
				358DFDE82611DD3C0037221F /* Info.plist */,
			);
			path = JumbosouqUITests;
			sourceTree = "<group>";
		};
		358DFE062611E2890037221F /* LoginControllers */ = {
			isa = PBXGroup;
			children = (
				358DFDF72611E21A0037221F /* LoginViewController.swift */,
				358DFDFC2611E2490037221F /* SignupViewController.swift */,
				358DFE012611E2810037221F /* ForgotPasswordVC.swift */,
			);
			path = LoginControllers;
			sourceTree = "<group>";
		};
		358DFE0F2611ECFD0037221F /* Fonts */ = {
			isa = PBXGroup;
			children = (
				358DFE122611ED0F0037221F /* Geomanist-Bold.otf */,
				358DFE102611ED0F0037221F /* Geomanist-ExtraLight.otf */,
				358DFE112611ED0F0037221F /* Geomanist-Medium.otf */,
				358DFE132611ED0F0037221F /* Geomanist-Regular.otf */,
			);
			path = Fonts;
			sourceTree = "<group>";
		};
		35D6089C262884F800E8A066 /*  HomeCells */ = {
			isa = PBXGroup;
			children = (
				35D608A4262891C900E8A066 /* WeeklyDealsView */,
				35D6089D2628853700E8A066 /* FirstTableViewCell.swift */,
				35D6089E2628853700E8A066 /* FirstTableViewCell.xib */,
				35735A70262DBC2D001C2971 /* NewArrivalView */,
			);
			path = " HomeCells";
			sourceTree = "<group>";
		};
		35D608A4262891C900E8A066 /* WeeklyDealsView */ = {
			isa = PBXGroup;
			children = (
				35D608A5262891EA00E8A066 /* WeekDealTableViewCell.swift */,
				35D608A6262891EA00E8A066 /* WeekDealTableViewCell.xib */,
				35D608AC2628924E00E8A066 /* WeekDealCollectionViewCell.swift */,
				35D608AD2628924E00E8A066 /* WeekDealCollectionViewCell.xib */,
			);
			path = WeeklyDealsView;
			sourceTree = "<group>";
		};
		F561A47D4460D9E0DDC7C33C /* Frameworks */ = {
			isa = PBXGroup;
			children = (
				3C15B68E92518A3D861AF7EF /* Pods_Jumbosouq.framework */,
				3DB8FF221D26357C0A52EEE3 /* Pods_Jumbosouq_JumbosouqUITests.framework */,
				23DD20956508BA9D6FE93256 /* Pods_JumbosouqTests.framework */,
			);
			name = Frameworks;
			sourceTree = "<group>";
		};
/* End PBXGroup section */

/* Begin PBXNativeTarget section */
		358DFDC02611DD3B0037221F /* Jumbosouq */ = {
			isa = PBXNativeTarget;
			buildConfigurationList = 358DFDEB2611DD3C0037221F /* Build configuration list for PBXNativeTarget "Jumbosouq" */;
			buildPhases = (
				9E1EA2BFF1D933DAC44CAF6F /* [CP] Check Pods Manifest.lock */,
				358DFDBD2611DD3B0037221F /* Sources */,
				358DFDBE2611DD3B0037221F /* Frameworks */,
				358DFDBF2611DD3B0037221F /* Resources */,
				785BB94CE37C9D65D34A0C9B /* [CP] Embed Pods Frameworks */,
			);
			buildRules = (
			);
			dependencies = (
			);
			name = Jumbosouq;
			productName = Jumbosouq;
			productReference = 358DFDC12611DD3B0037221F /* Jumbosouq.app */;
			productType = "com.apple.product-type.application";
		};
		358DFDD62611DD3C0037221F /* JumbosouqTests */ = {
			isa = PBXNativeTarget;
			buildConfigurationList = 358DFDEE2611DD3C0037221F /* Build configuration list for PBXNativeTarget "JumbosouqTests" */;
			buildPhases = (
				CC637C40DB01EE28E06E7A35 /* [CP] Check Pods Manifest.lock */,
				358DFDD32611DD3C0037221F /* Sources */,
				358DFDD42611DD3C0037221F /* Frameworks */,
				358DFDD52611DD3C0037221F /* Resources */,
			);
			buildRules = (
			);
			dependencies = (
				358DFDD92611DD3C0037221F /* PBXTargetDependency */,
			);
			name = JumbosouqTests;
			productName = JumbosouqTests;
			productReference = 358DFDD72611DD3C0037221F /* JumbosouqTests.xctest */;
			productType = "com.apple.product-type.bundle.unit-test";
		};
		358DFDE12611DD3C0037221F /* JumbosouqUITests */ = {
			isa = PBXNativeTarget;
			buildConfigurationList = 358DFDF12611DD3C0037221F /* Build configuration list for PBXNativeTarget "JumbosouqUITests" */;
			buildPhases = (
				21448A638EE1793CA8EDD5FB /* [CP] Check Pods Manifest.lock */,
				358DFDDE2611DD3C0037221F /* Sources */,
				358DFDDF2611DD3C0037221F /* Frameworks */,
				358DFDE02611DD3C0037221F /* Resources */,
				DB2F0834A408F39365928D34 /* [CP] Embed Pods Frameworks */,
			);
			buildRules = (
			);
			dependencies = (
				358DFDE42611DD3C0037221F /* PBXTargetDependency */,
			);
			name = JumbosouqUITests;
			productName = JumbosouqUITests;
			productReference = 358DFDE22611DD3C0037221F /* JumbosouqUITests.xctest */;
			productType = "com.apple.product-type.bundle.ui-testing";
		};
/* End PBXNativeTarget section */

/* Begin PBXProject section */
		358DFDB92611DD3B0037221F /* Project object */ = {
			isa = PBXProject;
			attributes = {
				LastSwiftUpdateCheck = 1240;
				LastUpgradeCheck = 1240;
				TargetAttributes = {
					358DFDC02611DD3B0037221F = {
						CreatedOnToolsVersion = 12.4;
					};
					358DFDD62611DD3C0037221F = {
						CreatedOnToolsVersion = 12.4;
						TestTargetID = 358DFDC02611DD3B0037221F;
					};
					358DFDE12611DD3C0037221F = {
						CreatedOnToolsVersion = 12.4;
						TestTargetID = 358DFDC02611DD3B0037221F;
					};
				};
			};
			buildConfigurationList = 358DFDBC2611DD3B0037221F /* Build configuration list for PBXProject "Jumbosouq" */;
			compatibilityVersion = "Xcode 9.3";
			developmentRegion = en;
			hasScannedForEncodings = 0;
			knownRegions = (
				en,
				Base,
			);
			mainGroup = 358DFDB82611DD3B0037221F;
			productRefGroup = 358DFDC22611DD3B0037221F /* Products */;
			projectDirPath = "";
			projectRoot = "";
			targets = (
				358DFDC02611DD3B0037221F /* Jumbosouq */,
				358DFDD62611DD3C0037221F /* JumbosouqTests */,
				358DFDE12611DD3C0037221F /* JumbosouqUITests */,
			);
		};
/* End PBXProject section */

/* Begin PBXResourcesBuildPhase section */
		358DFDBF2611DD3B0037221F /* Resources */ = {
			isa = PBXResourcesBuildPhase;
			buildActionMask = 2147483647;
			files = (
				358DFE162611ED0F0037221F /* Geomanist-Bold.otf in Resources */,
				35D608A02628853700E8A066 /* FirstTableViewCell.xib in Resources */,
				358DFE152611ED0F0037221F /* Geomanist-Medium.otf in Resources */,
				35D608A8262891EA00E8A066 /* WeekDealTableViewCell.xib in Resources */,
				358DFDD12611DD3C0037221F /* LaunchScreen.storyboard in Resources */,
				355B2A7F26209CA60032567B /* SideMenuCell.xib in Resources */,
				35735A6B262DBC14001C2971 /* NewArrivalTableViewCell.xib in Resources */,
				358DFDCE2611DD3C0037221F /* Assets.xcassets in Resources */,
				358DFDCC2611DD3B0037221F /* Main.storyboard in Resources */,
				358DFE142611ED0F0037221F /* Geomanist-ExtraLight.otf in Resources */,
				358DFE172611ED0F0037221F /* Geomanist-Regular.otf in Resources */,
				35735A77262DBC5A001C2971 /* NewArrivalCollectionViewCell.xib in Resources */,
				35D608AF2628924E00E8A066 /* WeekDealCollectionViewCell.xib in Resources */,
			);
			runOnlyForDeploymentPostprocessing = 0;
		};
		358DFDD52611DD3C0037221F /* Resources */ = {
			isa = PBXResourcesBuildPhase;
			buildActionMask = 2147483647;
			files = (
			);
			runOnlyForDeploymentPostprocessing = 0;
		};
		358DFDE02611DD3C0037221F /* Resources */ = {
			isa = PBXResourcesBuildPhase;
			buildActionMask = 2147483647;
			files = (
			);
			runOnlyForDeploymentPostprocessing = 0;
		};
/* End PBXResourcesBuildPhase section */

/* Begin PBXShellScriptBuildPhase section */
		21448A638EE1793CA8EDD5FB /* [CP] Check Pods Manifest.lock */ = {
			isa = PBXShellScriptBuildPhase;
			buildActionMask = 2147483647;
			files = (
			);
			inputFileListPaths = (
			);
			inputPaths = (
				"${PODS_PODFILE_DIR_PATH}/Podfile.lock",
				"${PODS_ROOT}/Manifest.lock",
			);
			name = "[CP] Check Pods Manifest.lock";
			outputFileListPaths = (
			);
			outputPaths = (
				"$(DERIVED_FILE_DIR)/Pods-Jumbosouq-JumbosouqUITests-checkManifestLockResult.txt",
			);
			runOnlyForDeploymentPostprocessing = 0;
			shellPath = /bin/sh;
			shellScript = "diff \"${PODS_PODFILE_DIR_PATH}/Podfile.lock\" \"${PODS_ROOT}/Manifest.lock\" > /dev/null\nif [ $? != 0 ] ; then\n    # print error to STDERR\n    echo \"error: The sandbox is not in sync with the Podfile.lock. Run 'pod install' or update your CocoaPods installation.\" >&2\n    exit 1\nfi\n# This output is used by Xcode 'outputs' to avoid re-running this script phase.\necho \"SUCCESS\" > \"${SCRIPT_OUTPUT_FILE_0}\"\n";
			showEnvVarsInLog = 0;
		};
		785BB94CE37C9D65D34A0C9B /* [CP] Embed Pods Frameworks */ = {
			isa = PBXShellScriptBuildPhase;
			buildActionMask = 2147483647;
			files = (
			);
			inputFileListPaths = (
				"${PODS_ROOT}/Target Support Files/Pods-Jumbosouq/Pods-Jumbosouq-frameworks-${CONFIGURATION}-input-files.xcfilelist",
			);
			name = "[CP] Embed Pods Frameworks";
			outputFileListPaths = (
				"${PODS_ROOT}/Target Support Files/Pods-Jumbosouq/Pods-Jumbosouq-frameworks-${CONFIGURATION}-output-files.xcfilelist",
			);
			runOnlyForDeploymentPostprocessing = 0;
			shellPath = /bin/sh;
			shellScript = "\"${PODS_ROOT}/Target Support Files/Pods-Jumbosouq/Pods-Jumbosouq-frameworks.sh\"\n";
			showEnvVarsInLog = 0;
		};
		9E1EA2BFF1D933DAC44CAF6F /* [CP] Check Pods Manifest.lock */ = {
			isa = PBXShellScriptBuildPhase;
			buildActionMask = 2147483647;
			files = (
			);
			inputFileListPaths = (
			);
			inputPaths = (
				"${PODS_PODFILE_DIR_PATH}/Podfile.lock",
				"${PODS_ROOT}/Manifest.lock",
			);
			name = "[CP] Check Pods Manifest.lock";
			outputFileListPaths = (
			);
			outputPaths = (
				"$(DERIVED_FILE_DIR)/Pods-Jumbosouq-checkManifestLockResult.txt",
			);
			runOnlyForDeploymentPostprocessing = 0;
			shellPath = /bin/sh;
			shellScript = "diff \"${PODS_PODFILE_DIR_PATH}/Podfile.lock\" \"${PODS_ROOT}/Manifest.lock\" > /dev/null\nif [ $? != 0 ] ; then\n    # print error to STDERR\n    echo \"error: The sandbox is not in sync with the Podfile.lock. Run 'pod install' or update your CocoaPods installation.\" >&2\n    exit 1\nfi\n# This output is used by Xcode 'outputs' to avoid re-running this script phase.\necho \"SUCCESS\" > \"${SCRIPT_OUTPUT_FILE_0}\"\n";
			showEnvVarsInLog = 0;
		};
		CC637C40DB01EE28E06E7A35 /* [CP] Check Pods Manifest.lock */ = {
			isa = PBXShellScriptBuildPhase;
			buildActionMask = 2147483647;
			files = (
			);
			inputFileListPaths = (
			);
			inputPaths = (
				"${PODS_PODFILE_DIR_PATH}/Podfile.lock",
				"${PODS_ROOT}/Manifest.lock",
			);
			name = "[CP] Check Pods Manifest.lock";
			outputFileListPaths = (
			);
			outputPaths = (
				"$(DERIVED_FILE_DIR)/Pods-JumbosouqTests-checkManifestLockResult.txt",
			);
			runOnlyForDeploymentPostprocessing = 0;
			shellPath = /bin/sh;
			shellScript = "diff \"${PODS_PODFILE_DIR_PATH}/Podfile.lock\" \"${PODS_ROOT}/Manifest.lock\" > /dev/null\nif [ $? != 0 ] ; then\n    # print error to STDERR\n    echo \"error: The sandbox is not in sync with the Podfile.lock. Run 'pod install' or update your CocoaPods installation.\" >&2\n    exit 1\nfi\n# This output is used by Xcode 'outputs' to avoid re-running this script phase.\necho \"SUCCESS\" > \"${SCRIPT_OUTPUT_FILE_0}\"\n";
			showEnvVarsInLog = 0;
		};
		DB2F0834A408F39365928D34 /* [CP] Embed Pods Frameworks */ = {
			isa = PBXShellScriptBuildPhase;
			buildActionMask = 2147483647;
			files = (
			);
			inputFileListPaths = (
				"${PODS_ROOT}/Target Support Files/Pods-Jumbosouq-JumbosouqUITests/Pods-Jumbosouq-JumbosouqUITests-frameworks-${CONFIGURATION}-input-files.xcfilelist",
			);
			name = "[CP] Embed Pods Frameworks";
			outputFileListPaths = (
				"${PODS_ROOT}/Target Support Files/Pods-Jumbosouq-JumbosouqUITests/Pods-Jumbosouq-JumbosouqUITests-frameworks-${CONFIGURATION}-output-files.xcfilelist",
			);
			runOnlyForDeploymentPostprocessing = 0;
			shellPath = /bin/sh;
			shellScript = "\"${PODS_ROOT}/Target Support Files/Pods-Jumbosouq-JumbosouqUITests/Pods-Jumbosouq-JumbosouqUITests-frameworks.sh\"\n";
			showEnvVarsInLog = 0;
		};
/* End PBXShellScriptBuildPhase section */

/* Begin PBXSourcesBuildPhase section */
		358DFDBD2611DD3B0037221F /* Sources */ = {
			isa = PBXSourcesBuildPhase;
			buildActionMask = 2147483647;
			files = (
				358DFDF82611E21A0037221F /* LoginViewController.swift in Sources */,
				358DFDC92611DD3B0037221F /* ViewController.swift in Sources */,
				358DFE022611E2810037221F /* ForgotPasswordVC.swift in Sources */,
				355B2A852620A39F0032567B /* MainViewController.swift in Sources */,
				35D608AE2628924E00E8A066 /* WeekDealCollectionViewCell.swift in Sources */,
				35735A7C262DCFB4001C2971 /* CustomActivityIndicator.swift in Sources */,
				3534DFC4261CAC7200A5A9CC /* HomeViewController.swift in Sources */,
				35735A6A262DBC14001C2971 /* NewArrivalTableViewCell.swift in Sources */,
				35735A76262DBC5A001C2971 /* NewArrivalCollectionViewCell.swift in Sources */,
				35D6089F2628853700E8A066 /* FirstTableViewCell.swift in Sources */,
				355B2A8026209CA60032567B /* SideMenuCell.swift in Sources */,
				358DFE0B2611E9B40037221F /* ViewExtension.swift in Sources */,
				358DFDFD2611E2490037221F /* SignupViewController.swift in Sources */,
				358DFDC52611DD3B0037221F /* AppDelegate.swift in Sources */,
				355B2A7D26209CA60032567B /* SideMenuViewController.swift in Sources */,
				35D608A7262891EA00E8A066 /* WeekDealTableViewCell.swift in Sources */,
				358DFDC72611DD3B0037221F /* SceneDelegate.swift in Sources */,
				355B2A7E26209CA60032567B /* SideMenuModel.swift in Sources */,
				35674DBD2631C84D004D648B /* User.swift in Sources */,
			);
			runOnlyForDeploymentPostprocessing = 0;
		};
		358DFDD32611DD3C0037221F /* Sources */ = {
			isa = PBXSourcesBuildPhase;
			buildActionMask = 2147483647;
			files = (
				358DFDDC2611DD3C0037221F /* JumbosouqTests.swift in Sources */,
			);
			runOnlyForDeploymentPostprocessing = 0;
		};
		358DFDDE2611DD3C0037221F /* Sources */ = {
			isa = PBXSourcesBuildPhase;
			buildActionMask = 2147483647;
			files = (
				358DFDE72611DD3C0037221F /* JumbosouqUITests.swift in Sources */,
			);
			runOnlyForDeploymentPostprocessing = 0;
		};
/* End PBXSourcesBuildPhase section */

/* Begin PBXTargetDependency section */
		358DFDD92611DD3C0037221F /* PBXTargetDependency */ = {
			isa = PBXTargetDependency;
			target = 358DFDC02611DD3B0037221F /* Jumbosouq */;
			targetProxy = 358DFDD82611DD3C0037221F /* PBXContainerItemProxy */;
		};
		358DFDE42611DD3C0037221F /* PBXTargetDependency */ = {
			isa = PBXTargetDependency;
			target = 358DFDC02611DD3B0037221F /* Jumbosouq */;
			targetProxy = 358DFDE32611DD3C0037221F /* PBXContainerItemProxy */;
		};
/* End PBXTargetDependency section */

/* Begin PBXVariantGroup section */
		358DFDCA2611DD3B0037221F /* Main.storyboard */ = {
			isa = PBXVariantGroup;
			children = (
				358DFDCB2611DD3B0037221F /* Base */,
			);
			name = Main.storyboard;
			sourceTree = "<group>";
		};
		358DFDCF2611DD3C0037221F /* LaunchScreen.storyboard */ = {
			isa = PBXVariantGroup;
			children = (
				358DFDD02611DD3C0037221F /* Base */,
			);
			name = LaunchScreen.storyboard;
			sourceTree = "<group>";
		};
/* End PBXVariantGroup section */

/* Begin XCBuildConfiguration section */
		358DFDE92611DD3C0037221F /* Debug */ = {
			isa = XCBuildConfiguration;
			buildSettings = {
				ALWAYS_SEARCH_USER_PATHS = NO;
				CLANG_ANALYZER_NONNULL = YES;
				CLANG_ANALYZER_NUMBER_OBJECT_CONVERSION = YES_AGGRESSIVE;
				CLANG_CXX_LANGUAGE_STANDARD = "gnu++14";
				CLANG_CXX_LIBRARY = "libc++";
				CLANG_ENABLE_MODULES = YES;
				CLANG_ENABLE_OBJC_ARC = YES;
				CLANG_ENABLE_OBJC_WEAK = YES;
				CLANG_WARN_BLOCK_CAPTURE_AUTORELEASING = YES;
				CLANG_WARN_BOOL_CONVERSION = YES;
				CLANG_WARN_COMMA = YES;
				CLANG_WARN_CONSTANT_CONVERSION = YES;
				CLANG_WARN_DEPRECATED_OBJC_IMPLEMENTATIONS = YES;
				CLANG_WARN_DIRECT_OBJC_ISA_USAGE = YES_ERROR;
				CLANG_WARN_DOCUMENTATION_COMMENTS = YES;
				CLANG_WARN_EMPTY_BODY = YES;
				CLANG_WARN_ENUM_CONVERSION = YES;
				CLANG_WARN_INFINITE_RECURSION = YES;
				CLANG_WARN_INT_CONVERSION = YES;
				CLANG_WARN_NON_LITERAL_NULL_CONVERSION = YES;
				CLANG_WARN_OBJC_IMPLICIT_RETAIN_SELF = YES;
				CLANG_WARN_OBJC_LITERAL_CONVERSION = YES;
				CLANG_WARN_OBJC_ROOT_CLASS = YES_ERROR;
				CLANG_WARN_QUOTED_INCLUDE_IN_FRAMEWORK_HEADER = YES;
				CLANG_WARN_RANGE_LOOP_ANALYSIS = YES;
				CLANG_WARN_STRICT_PROTOTYPES = YES;
				CLANG_WARN_SUSPICIOUS_MOVE = YES;
				CLANG_WARN_UNGUARDED_AVAILABILITY = YES_AGGRESSIVE;
				CLANG_WARN_UNREACHABLE_CODE = YES;
				CLANG_WARN__DUPLICATE_METHOD_MATCH = YES;
				COPY_PHASE_STRIP = NO;
				DEBUG_INFORMATION_FORMAT = dwarf;
				ENABLE_STRICT_OBJC_MSGSEND = YES;
				ENABLE_TESTABILITY = YES;
				GCC_C_LANGUAGE_STANDARD = gnu11;
				GCC_DYNAMIC_NO_PIC = NO;
				GCC_NO_COMMON_BLOCKS = YES;
				GCC_OPTIMIZATION_LEVEL = 0;
				GCC_PREPROCESSOR_DEFINITIONS = (
					"DEBUG=1",
					"$(inherited)",
				);
				GCC_WARN_64_TO_32_BIT_CONVERSION = YES;
				GCC_WARN_ABOUT_RETURN_TYPE = YES_ERROR;
				GCC_WARN_UNDECLARED_SELECTOR = YES;
				GCC_WARN_UNINITIALIZED_AUTOS = YES_AGGRESSIVE;
				GCC_WARN_UNUSED_FUNCTION = YES;
				GCC_WARN_UNUSED_VARIABLE = YES;
				IPHONEOS_DEPLOYMENT_TARGET = 13.0;
				MTL_ENABLE_DEBUG_INFO = INCLUDE_SOURCE;
				MTL_FAST_MATH = YES;
				ONLY_ACTIVE_ARCH = YES;
				SDKROOT = iphoneos;
				SWIFT_ACTIVE_COMPILATION_CONDITIONS = DEBUG;
				SWIFT_OPTIMIZATION_LEVEL = "-Onone";
			};
			name = Debug;
		};
		358DFDEA2611DD3C0037221F /* Release */ = {
			isa = XCBuildConfiguration;
			buildSettings = {
				ALWAYS_SEARCH_USER_PATHS = NO;
				CLANG_ANALYZER_NONNULL = YES;
				CLANG_ANALYZER_NUMBER_OBJECT_CONVERSION = YES_AGGRESSIVE;
				CLANG_CXX_LANGUAGE_STANDARD = "gnu++14";
				CLANG_CXX_LIBRARY = "libc++";
				CLANG_ENABLE_MODULES = YES;
				CLANG_ENABLE_OBJC_ARC = YES;
				CLANG_ENABLE_OBJC_WEAK = YES;
				CLANG_WARN_BLOCK_CAPTURE_AUTORELEASING = YES;
				CLANG_WARN_BOOL_CONVERSION = YES;
				CLANG_WARN_COMMA = YES;
				CLANG_WARN_CONSTANT_CONVERSION = YES;
				CLANG_WARN_DEPRECATED_OBJC_IMPLEMENTATIONS = YES;
				CLANG_WARN_DIRECT_OBJC_ISA_USAGE = YES_ERROR;
				CLANG_WARN_DOCUMENTATION_COMMENTS = YES;
				CLANG_WARN_EMPTY_BODY = YES;
				CLANG_WARN_ENUM_CONVERSION = YES;
				CLANG_WARN_INFINITE_RECURSION = YES;
				CLANG_WARN_INT_CONVERSION = YES;
				CLANG_WARN_NON_LITERAL_NULL_CONVERSION = YES;
				CLANG_WARN_OBJC_IMPLICIT_RETAIN_SELF = YES;
				CLANG_WARN_OBJC_LITERAL_CONVERSION = YES;
				CLANG_WARN_OBJC_ROOT_CLASS = YES_ERROR;
				CLANG_WARN_QUOTED_INCLUDE_IN_FRAMEWORK_HEADER = YES;
				CLANG_WARN_RANGE_LOOP_ANALYSIS = YES;
				CLANG_WARN_STRICT_PROTOTYPES = YES;
				CLANG_WARN_SUSPICIOUS_MOVE = YES;
				CLANG_WARN_UNGUARDED_AVAILABILITY = YES_AGGRESSIVE;
				CLANG_WARN_UNREACHABLE_CODE = YES;
				CLANG_WARN__DUPLICATE_METHOD_MATCH = YES;
				COPY_PHASE_STRIP = NO;
				DEBUG_INFORMATION_FORMAT = "dwarf-with-dsym";
				ENABLE_NS_ASSERTIONS = NO;
				ENABLE_STRICT_OBJC_MSGSEND = YES;
				GCC_C_LANGUAGE_STANDARD = gnu11;
				GCC_NO_COMMON_BLOCKS = YES;
				GCC_WARN_64_TO_32_BIT_CONVERSION = YES;
				GCC_WARN_ABOUT_RETURN_TYPE = YES_ERROR;
				GCC_WARN_UNDECLARED_SELECTOR = YES;
				GCC_WARN_UNINITIALIZED_AUTOS = YES_AGGRESSIVE;
				GCC_WARN_UNUSED_FUNCTION = YES;
				GCC_WARN_UNUSED_VARIABLE = YES;
				IPHONEOS_DEPLOYMENT_TARGET = 13.0;
				MTL_ENABLE_DEBUG_INFO = NO;
				MTL_FAST_MATH = YES;
				SDKROOT = iphoneos;
				SWIFT_COMPILATION_MODE = wholemodule;
				SWIFT_OPTIMIZATION_LEVEL = "-O";
				VALIDATE_PRODUCT = YES;
			};
			name = Release;
		};
		358DFDEC2611DD3C0037221F /* Debug */ = {
			isa = XCBuildConfiguration;
			baseConfigurationReference = A57728BD306E368BEFAE2774 /* Pods-Jumbosouq.debug.xcconfig */;
			buildSettings = {
				ASSETCATALOG_COMPILER_APPICON_NAME = AppIcon;
				ASSETCATALOG_COMPILER_GLOBAL_ACCENT_COLOR_NAME = AccentColor;
				CODE_SIGN_IDENTITY = "iPhone Distribution";
				CODE_SIGN_STYLE = Manual;
				DEVELOPMENT_TEAM = 4MCGAH3G26;
				INFOPLIST_FILE = Jumbosouq/Info.plist;
				LD_RUNPATH_SEARCH_PATHS = (
					"$(inherited)",
					"@executable_path/Frameworks",
				);
				PRODUCT_BUNDLE_IDENTIFIER = com.jumbosouq.shop;
				PRODUCT_NAME = "$(TARGET_NAME)";
				PROVISIONING_PROFILE_SPECIFIER = "Jumbosouq Shop";
				SWIFT_VERSION = 5.0;
				TARGETED_DEVICE_FAMILY = "1,2";
			};
			name = Debug;
		};
		358DFDED2611DD3C0037221F /* Release */ = {
			isa = XCBuildConfiguration;
			baseConfigurationReference = 5FEE0AD3E68C262AA31C5D9F /* Pods-Jumbosouq.release.xcconfig */;
			buildSettings = {
				ASSETCATALOG_COMPILER_APPICON_NAME = AppIcon;
				ASSETCATALOG_COMPILER_GLOBAL_ACCENT_COLOR_NAME = AccentColor;
				CODE_SIGN_IDENTITY = "iPhone Distribution";
				CODE_SIGN_STYLE = Manual;
				DEVELOPMENT_TEAM = 4MCGAH3G26;
				INFOPLIST_FILE = Jumbosouq/Info.plist;
				LD_RUNPATH_SEARCH_PATHS = (
					"$(inherited)",
					"@executable_path/Frameworks",
				);
				PRODUCT_BUNDLE_IDENTIFIER = com.jumbosouq.shop;
				PRODUCT_NAME = "$(TARGET_NAME)";
				PROVISIONING_PROFILE_SPECIFIER = "Jumbosouq Shop";
				SWIFT_VERSION = 5.0;
				TARGETED_DEVICE_FAMILY = "1,2";
			};
			name = Release;
		};
		358DFDEF2611DD3C0037221F /* Debug */ = {
			isa = XCBuildConfiguration;
			baseConfigurationReference = CC7CE8F2F61C46B9D00C5DA6 /* Pods-JumbosouqTests.debug.xcconfig */;
			buildSettings = {
				ALWAYS_EMBED_SWIFT_STANDARD_LIBRARIES = YES;
				BUNDLE_LOADER = "$(TEST_HOST)";
				CODE_SIGN_STYLE = Automatic;
				DEVELOPMENT_TEAM = "";
				INFOPLIST_FILE = JumbosouqTests/Info.plist;
				IPHONEOS_DEPLOYMENT_TARGET = 14.4;
				LD_RUNPATH_SEARCH_PATHS = (
					"$(inherited)",
					"@executable_path/Frameworks",
					"@loader_path/Frameworks",
				);
				PRODUCT_BUNDLE_IDENTIFIER = com.roche.JumbosouqTests;
				PRODUCT_NAME = "$(TARGET_NAME)";
				SWIFT_VERSION = 5.0;
				TARGETED_DEVICE_FAMILY = "1,2";
				TEST_HOST = "$(BUILT_PRODUCTS_DIR)/Jumbosouq.app/Jumbosouq";
			};
			name = Debug;
		};
		358DFDF02611DD3C0037221F /* Release */ = {
			isa = XCBuildConfiguration;
			baseConfigurationReference = 73082ED7DEFF66FB1DB30655 /* Pods-JumbosouqTests.release.xcconfig */;
			buildSettings = {
				ALWAYS_EMBED_SWIFT_STANDARD_LIBRARIES = YES;
				BUNDLE_LOADER = "$(TEST_HOST)";
				CODE_SIGN_STYLE = Automatic;
				DEVELOPMENT_TEAM = "";
				INFOPLIST_FILE = JumbosouqTests/Info.plist;
				IPHONEOS_DEPLOYMENT_TARGET = 14.4;
				LD_RUNPATH_SEARCH_PATHS = (
					"$(inherited)",
					"@executable_path/Frameworks",
					"@loader_path/Frameworks",
				);
				PRODUCT_BUNDLE_IDENTIFIER = com.roche.JumbosouqTests;
				PRODUCT_NAME = "$(TARGET_NAME)";
				SWIFT_VERSION = 5.0;
				TARGETED_DEVICE_FAMILY = "1,2";
				TEST_HOST = "$(BUILT_PRODUCTS_DIR)/Jumbosouq.app/Jumbosouq";
			};
			name = Release;
		};
		358DFDF22611DD3C0037221F /* Debug */ = {
			isa = XCBuildConfiguration;
			baseConfigurationReference = 82366CB43B78CBF8E241EDD3 /* Pods-Jumbosouq-JumbosouqUITests.debug.xcconfig */;
			buildSettings = {
				ALWAYS_EMBED_SWIFT_STANDARD_LIBRARIES = YES;
				CODE_SIGN_STYLE = Automatic;
				INFOPLIST_FILE = JumbosouqUITests/Info.plist;
				LD_RUNPATH_SEARCH_PATHS = (
					"$(inherited)",
					"@executable_path/Frameworks",
					"@loader_path/Frameworks",
				);
				PRODUCT_BUNDLE_IDENTIFIER = com.roche.JumbosouqUITests;
				PRODUCT_NAME = "$(TARGET_NAME)";
				SWIFT_VERSION = 5.0;
				TARGETED_DEVICE_FAMILY = "1,2";
				TEST_TARGET_NAME = Jumbosouq;
			};
			name = Debug;
		};
		358DFDF32611DD3C0037221F /* Release */ = {
			isa = XCBuildConfiguration;
			baseConfigurationReference = 46E8AF089AB6D41822C12538 /* Pods-Jumbosouq-JumbosouqUITests.release.xcconfig */;
			buildSettings = {
				ALWAYS_EMBED_SWIFT_STANDARD_LIBRARIES = YES;
				CODE_SIGN_STYLE = Automatic;
				INFOPLIST_FILE = JumbosouqUITests/Info.plist;
				LD_RUNPATH_SEARCH_PATHS = (
					"$(inherited)",
					"@executable_path/Frameworks",
					"@loader_path/Frameworks",
				);
				PRODUCT_BUNDLE_IDENTIFIER = com.roche.JumbosouqUITests;
				PRODUCT_NAME = "$(TARGET_NAME)";
				SWIFT_VERSION = 5.0;
				TARGETED_DEVICE_FAMILY = "1,2";
				TEST_TARGET_NAME = Jumbosouq;
			};
			name = Release;
		};
/* End XCBuildConfiguration section */

/* Begin XCConfigurationList section */
		358DFDBC2611DD3B0037221F /* Build configuration list for PBXProject "Jumbosouq" */ = {
			isa = XCConfigurationList;
			buildConfigurations = (
				358DFDE92611DD3C0037221F /* Debug */,
				358DFDEA2611DD3C0037221F /* Release */,
			);
			defaultConfigurationIsVisible = 0;
			defaultConfigurationName = Release;
		};
		358DFDEB2611DD3C0037221F /* Build configuration list for PBXNativeTarget "Jumbosouq" */ = {
			isa = XCConfigurationList;
			buildConfigurations = (
				358DFDEC2611DD3C0037221F /* Debug */,
				358DFDED2611DD3C0037221F /* Release */,
			);
			defaultConfigurationIsVisible = 0;
			defaultConfigurationName = Release;
		};
		358DFDEE2611DD3C0037221F /* Build configuration list for PBXNativeTarget "JumbosouqTests" */ = {
			isa = XCConfigurationList;
			buildConfigurations = (
				358DFDEF2611DD3C0037221F /* Debug */,
				358DFDF02611DD3C0037221F /* Release */,
			);
			defaultConfigurationIsVisible = 0;
			defaultConfigurationName = Release;
		};
		358DFDF12611DD3C0037221F /* Build configuration list for PBXNativeTarget "JumbosouqUITests" */ = {
			isa = XCConfigurationList;
			buildConfigurations = (
				358DFDF22611DD3C0037221F /* Debug */,
				358DFDF32611DD3C0037221F /* Release */,
			);
			defaultConfigurationIsVisible = 0;
			defaultConfigurationName = Release;
		};
/* End XCConfigurationList section */
	};
	rootObject = 358DFDB92611DD3B0037221F /* Project object */;
}
